
Microsoft Visual Studio Solution File, Format Version 12.00
# Visual Studio 15
VisualStudioVersion = 15.0.28307.539
MinimumVisualStudioVersion = 10.0.40219.1
Project("{FAE04EC0-301F-11D3-BF4B-00C04F79EFBC}") = "FirstLevel", "FirstLevel\FirstLevel.csproj", "{9C24BF03-C78D-48C6-8B64-7DB4AA2DA917}"
EndProject
Global
	GlobalSection(SolutionConfigurationPlatforms) = preSolution
		Debug|Any CPU = Debug|Any CPU
		Release|Any CPU = Release|Any CPU
	EndGlobalSection
	GlobalSection(ProjectConfigurationPlatforms) = postSolution
		{9C24BF03-C78D-48C6-8B64-7DB4AA2DA917}.Debug|Any CPU.ActiveCfg = Debug|Any CPU
		{9C24BF03-C78D-48C6-8B64-7DB4AA2DA917}.Debug|Any CPU.Build.0 = Debug|Any CPU
		{9C24BF03-C78D-48C6-8B64-7DB4AA2DA917}.Release|Any CPU.ActiveCfg = Release|Any CPU
		{9C24BF03-C78D-48C6-8B64-7DB4AA2DA917}.Release|Any CPU.Build.0 = Release|Any CPU
	EndGlobalSection
	GlobalSection(SolutionProperties) = preSolution
		HideSolutionNode = FALSE
	EndGlobalSection
	GlobalSection(ExtensibilityGlobals) = postSolution
		SolutionGuid = {C791CAEF-43DE-4641-B54C-001DF8035F6B}
	EndGlobalSection
EndGlobal
